
Microsoft Visual Studio Solution File, Format Version 12.00
# Visual Studio Version 16
VisualStudioVersion = 16.0.29613.14
MinimumVisualStudioVersion = 10.0.40219.1
Project("{9A19103F-16F7-4668-BE54-9A1E7A4F7556}") = "BomEpubParser", "BomEpubParser\BomEpubParser.csproj", "{60397EE5-9CB5-4730-BCB6-1A1090330BFE}"
EndProject
Global
	GlobalSection(SolutionConfigurationPlatforms) = preSolution
		Debug|Any CPU = Debug|Any CPU
		Release|Any CPU = Release|Any CPU
	EndGlobalSection
	GlobalSection(ProjectConfigurationPlatforms) = postSolution
		{60397EE5-9CB5-4730-BCB6-1A1090330BFE}.Debug|Any CPU.ActiveCfg = Debug|Any CPU
		{60397EE5-9CB5-4730-BCB6-1A1090330BFE}.Debug|Any CPU.Build.0 = Debug|Any CPU
		{60397EE5-9CB5-4730-BCB6-1A1090330BFE}.Release|Any CPU.ActiveCfg = Release|Any CPU
		{60397EE5-9CB5-4730-BCB6-1A1090330BFE}.Release|Any CPU.Build.0 = Release|Any CPU
	EndGlobalSection
	GlobalSection(SolutionProperties) = preSolution
		HideSolutionNode = FALSE
	EndGlobalSection
	GlobalSection(ExtensibilityGlobals) = postSolution
		SolutionGuid = {5BBE4E5F-BC1D-4815-A662-210EF8ED0B6B}
	EndGlobalSection
EndGlobal
