
Microsoft Visual Studio Solution File, Format Version 12.00
# Visual Studio 15
VisualStudioVersion = 15.0.27130.2026
MinimumVisualStudioVersion = 10.0.40219.1
Project("{FAE04EC0-301F-11D3-BF4B-00C04F79EFBC}") = "BomEpubParser", "BomEpubParser\BomEpubParser.csproj", "{60397EE5-9CB5-4730-BCB6-1A1090330BFE}"
EndProject
Project("{FAE04EC0-301F-11D3-BF4B-00C04F79EFBC}") = "OutputAnalyzer", "OutputAnalyzer\OutputAnalyzer.csproj", "{0CC13435-DDFF-44CD-B95F-A72E49C865E5}"
EndProject
Global
	GlobalSection(SolutionConfigurationPlatforms) = preSolution
		Debug|Any CPU = Debug|Any CPU
		Release|Any CPU = Release|Any CPU
	EndGlobalSection
	GlobalSection(ProjectConfigurationPlatforms) = postSolution
		{60397EE5-9CB5-4730-BCB6-1A1090330BFE}.Debug|Any CPU.ActiveCfg = Debug|Any CPU
		{60397EE5-9CB5-4730-BCB6-1A1090330BFE}.Debug|Any CPU.Build.0 = Debug|Any CPU
		{60397EE5-9CB5-4730-BCB6-1A1090330BFE}.Release|Any CPU.ActiveCfg = Release|Any CPU
		{60397EE5-9CB5-4730-BCB6-1A1090330BFE}.Release|Any CPU.Build.0 = Release|Any CPU
		{0CC13435-DDFF-44CD-B95F-A72E49C865E5}.Debug|Any CPU.ActiveCfg = Debug|Any CPU
		{0CC13435-DDFF-44CD-B95F-A72E49C865E5}.Debug|Any CPU.Build.0 = Debug|Any CPU
		{0CC13435-DDFF-44CD-B95F-A72E49C865E5}.Release|Any CPU.ActiveCfg = Release|Any CPU
		{0CC13435-DDFF-44CD-B95F-A72E49C865E5}.Release|Any CPU.Build.0 = Release|Any CPU
	EndGlobalSection
	GlobalSection(SolutionProperties) = preSolution
		HideSolutionNode = FALSE
	EndGlobalSection
	GlobalSection(ExtensibilityGlobals) = postSolution
		SolutionGuid = {5BBE4E5F-BC1D-4815-A662-210EF8ED0B6B}
	EndGlobalSection
EndGlobal
